
Microsoft Visual Studio Solution File, Format Version 12.00
# Visual Studio Version 17
VisualStudioVersion = 17.9.34607.119
MinimumVisualStudioVersion = 10.0.40219.1
Project("{FAE04EC0-301F-11D3-BF4B-00C04F79EFBC}") = "Blazor8ServerAuthLab2", "Blazor8ServerAuthLab2\Blazor8ServerAuthLab2.csproj", "{91AC0279-1328-4155-B1C7-454AF517D3CD}"
EndProject
Project("{2150E333-8FDC-42A3-9474-1A3956D46DE8}") = "NuGet Packages", "NuGet Packages", "{6731F078-67CD-4451-A874-3F14EFA74CFB}"
EndProject
Project("{FAE04EC0-301F-11D3-BF4B-00C04F79EFBC}") = "EasyArchitect.Web.Blazor.AuthExtensions", "EasyArchitect.Web.Blazor.AuthExtensions\EasyArchitect.Web.Blazor.AuthExtensions.csproj", "{D7544756-CC4C-4732-B58F-26857879FB0E}"
EndProject
Global
	GlobalSection(SolutionConfigurationPlatforms) = preSolution
		Debug|Any CPU = Debug|Any CPU
		Release|Any CPU = Release|Any CPU
	EndGlobalSection
	GlobalSection(ProjectConfigurationPlatforms) = postSolution
		{91AC0279-1328-4155-B1C7-454AF517D3CD}.Debug|Any CPU.ActiveCfg = Debug|Any CPU
		{91AC0279-1328-4155-B1C7-454AF517D3CD}.Debug|Any CPU.Build.0 = Debug|Any CPU
		{91AC0279-1328-4155-B1C7-454AF517D3CD}.Release|Any CPU.ActiveCfg = Release|Any CPU
		{91AC0279-1328-4155-B1C7-454AF517D3CD}.Release|Any CPU.Build.0 = Release|Any CPU
		{D7544756-CC4C-4732-B58F-26857879FB0E}.Debug|Any CPU.ActiveCfg = Debug|Any CPU
		{D7544756-CC4C-4732-B58F-26857879FB0E}.Debug|Any CPU.Build.0 = Debug|Any CPU
		{D7544756-CC4C-4732-B58F-26857879FB0E}.Release|Any CPU.ActiveCfg = Release|Any CPU
		{D7544756-CC4C-4732-B58F-26857879FB0E}.Release|Any CPU.Build.0 = Release|Any CPU
	EndGlobalSection
	GlobalSection(SolutionProperties) = preSolution
		HideSolutionNode = FALSE
	EndGlobalSection
	GlobalSection(NestedProjects) = preSolution
		{D7544756-CC4C-4732-B58F-26857879FB0E} = {6731F078-67CD-4451-A874-3F14EFA74CFB}
	EndGlobalSection
	GlobalSection(ExtensibilityGlobals) = postSolution
		SolutionGuid = {6CD3B4AF-DB20-4C7D-B256-538C83875277}
	EndGlobalSection
EndGlobal
